
Microsoft Visual Studio Solution File, Format Version 12.00
# Visual Studio Version 16
VisualStudioVersion = 16.0.30503.244
MinimumVisualStudioVersion = 10.0.40219.1
Project("{FAE04EC0-301F-11D3-BF4B-00C04F79EFBC}") = "OutlookMakeEWSRequest", "OutlookMakeEWSRequest\OutlookMakeEWSRequest.csproj", "{7B5C7C70-F998-47D3-896B-B768110B5ADE}"
EndProject
Project("{FAE04EC0-301F-11D3-BF4B-00C04F79EFBC}") = "OutlookMakeEWSRequestWeb", "OutlookMakeEWSRequestWeb\OutlookMakeEWSRequestWeb.csproj", "{AD21503F-78F8-4D44-BD21-A55F37634383}"
EndProject
Global
	GlobalSection(SolutionConfigurationPlatforms) = preSolution
		Debug|Any CPU = Debug|Any CPU
		Release|Any CPU = Release|Any CPU
	EndGlobalSection
	GlobalSection(ProjectConfigurationPlatforms) = postSolution
		{7B5C7C70-F998-47D3-896B-B768110B5ADE}.Debug|Any CPU.ActiveCfg = Debug|Any CPU
		{7B5C7C70-F998-47D3-896B-B768110B5ADE}.Debug|Any CPU.Build.0 = Debug|Any CPU
		{7B5C7C70-F998-47D3-896B-B768110B5ADE}.Debug|Any CPU.Deploy.0 = Debug|Any CPU
		{7B5C7C70-F998-47D3-896B-B768110B5ADE}.Release|Any CPU.ActiveCfg = Release|Any CPU
		{7B5C7C70-F998-47D3-896B-B768110B5ADE}.Release|Any CPU.Build.0 = Release|Any CPU
		{7B5C7C70-F998-47D3-896B-B768110B5ADE}.Release|Any CPU.Deploy.0 = Release|Any CPU
		{AD21503F-78F8-4D44-BD21-A55F37634383}.Debug|Any CPU.ActiveCfg = Debug|Any CPU
		{AD21503F-78F8-4D44-BD21-A55F37634383}.Debug|Any CPU.Build.0 = Debug|Any CPU
		{AD21503F-78F8-4D44-BD21-A55F37634383}.Release|Any CPU.ActiveCfg = Release|Any CPU
		{AD21503F-78F8-4D44-BD21-A55F37634383}.Release|Any CPU.Build.0 = Release|Any CPU
	EndGlobalSection
	GlobalSection(SolutionProperties) = preSolution
		HideSolutionNode = FALSE
	EndGlobalSection
	GlobalSection(ExtensibilityGlobals) = postSolution
		SolutionGuid = {8327DAEF-EE9F-43DD-8FF1-E46A51ED7081}
	EndGlobalSection
EndGlobal
